// !$*UTF8*$!
{
	archiveVersion = 1;
	classes = {
	};
	objectVersion = 50;
	objects = {

/* Begin PBXBuildFile section */
		896A4CF623D5B9C100B537B0 /* AppDelegate.swift in Sources */ = {isa = PBXBuildFile; fileRef = 896A4CF523D5B9C100B537B0 /* AppDelegate.swift */; };
		896A4CF823D5B9C100B537B0 /* SceneDelegate.swift in Sources */ = {isa = PBXBuildFile; fileRef = 896A4CF723D5B9C100B537B0 /* SceneDelegate.swift */; };
		896A4CFA23D5B9C100B537B0 /* ViewController.swift in Sources */ = {isa = PBXBuildFile; fileRef = 896A4CF923D5B9C100B537B0 /* ViewController.swift */; };
		896A4CFD23D5B9C100B537B0 /* Main.storyboard in Resources */ = {isa = PBXBuildFile; fileRef = 896A4CFB23D5B9C100B537B0 /* Main.storyboard */; };
		896A4CFF23D5B9C500B537B0 /* Assets.xcassets in Resources */ = {isa = PBXBuildFile; fileRef = 896A4CFE23D5B9C500B537B0 /* Assets.xcassets */; };
		896A4D0223D5B9C500B537B0 /* LaunchScreen.storyboard in Resources */ = {isa = PBXBuildFile; fileRef = 896A4D0023D5B9C500B537B0 /* LaunchScreen.storyboard */; };
/* End PBXBuildFile section */

/* Begin PBXFileReference section */
		896A4CF223D5B9C100B537B0 /* BluetoothTesting.app */ = {isa = PBXFileReference; explicitFileType = wrapper.application; includeInIndex = 0; path = BluetoothTesting.app; sourceTree = BUILT_PRODUCTS_DIR; };
		896A4CF523D5B9C100B537B0 /* AppDelegate.swift */ = {isa = PBXFileReference; lastKnownFileType = sourcecode.swift; path = AppDelegate.swift; sourceTree = "<group>"; };
		896A4CF723D5B9C100B537B0 /* SceneDelegate.swift */ = {isa = PBXFileReference; lastKnownFileType = sourcecode.swift; path = SceneDelegate.swift; sourceTree = "<group>"; };
		896A4CF923D5B9C100B537B0 /* ViewController.swift */ = {isa = PBXFileReference; lastKnownFileType = sourcecode.swift; path = ViewController.swift; sourceTree = "<group>"; };
		896A4CFC23D5B9C100B537B0 /* Base */ = {isa = PBXFileReference; lastKnownFileType = file.storyboard; name = Base; path = Base.lproj/Main.storyboard; sourceTree = "<group>"; };
		896A4CFE23D5B9C500B537B0 /* Assets.xcassets */ = {isa = PBXFileReference; lastKnownFileType = folder.assetcatalog; path = Assets.xcassets; sourceTree = "<group>"; };
		896A4D0123D5B9C500B537B0 /* Base */ = {isa = PBXFileReference; lastKnownFileType = file.storyboard; name = Base; path = Base.lproj/LaunchScreen.storyboard; sourceTree = "<group>"; };
		896A4D0323D5B9C500B537B0 /* Info.plist */ = {isa = PBXFileReference; lastKnownFileType = text.plist.xml; path = Info.plist; sourceTree = "<group>"; };
/* End PBXFileReference section */

/* Begin PBXFrameworksBuildPhase section */
		896A4CEF23D5B9C100B537B0 /* Frameworks */ = {
			isa = PBXFrameworksBuildPhase;
			buildActionMask = 2147483647;
			files = (
			);
			runOnlyForDeploymentPostprocessing = 0;
		};
/* End PBXFrameworksBuildPhase section */

/* Begin PBXGroup section */
		896A4CE923D5B9C100B537B0 = {
			isa = PBXGroup;
			children = (
				896A4CF423D5B9C100B537B0 /* BluetoothTesting */,
				896A4CF323D5B9C100B537B0 /* Products */,
			);
			sourceTree = "<group>";
		};
		896A4CF323D5B9C100B537B0 /* Products */ = {
			isa = PBXGroup;
			children = (
				896A4CF223D5B9C100B537B0 /* BluetoothTesting.app */,
			);
			name = Products;
			sourceTree = "<group>";
		};
		896A4CF423D5B9C100B537B0 /* BluetoothTesting */ = {
			isa = PBXGroup;
			children = (
				896A4CF523D5B9C100B537B0 /* AppDelegate.swift */,
				896A4CF723D5B9C100B537B0 /* SceneDelegate.swift */,
				896A4CF923D5B9C100B537B0 /* ViewController.swift */,
				896A4CFB23D5B9C100B537B0 /* Main.storyboard */,
				896A4CFE23D5B9C500B537B0 /* Assets.xcassets */,
				896A4D0023D5B9C500B537B0 /* LaunchScreen.storyboard */,
				896A4D0323D5B9C500B537B0 /* Info.plist */,
			);
			path = BluetoothTesting;
			sourceTree = "<group>";
		};
/* End PBXGroup section */

/* Begin PBXNativeTarget section */
		896A4CF123D5B9C100B537B0 /* BluetoothTesting */ = {
			isa = PBXNativeTarget;
			buildConfigurationList = 896A4D0623D5B9C500B537B0 /* Build configuration list for PBXNativeTarget "BluetoothTesting" */;
			buildPhases = (
				896A4CEE23D5B9C100B537B0 /* Sources */,
				896A4CEF23D5B9C100B537B0 /* Frameworks */,
				896A4CF023D5B9C100B537B0 /* Resources */,
			);
			buildRules = (
			);
			dependencies = (
			);
			name = BluetoothTesting;
			productName = BluetoothTesting;
			productReference = 896A4CF223D5B9C100B537B0 /* BluetoothTesting.app */;
			productType = "com.apple.product-type.application";
		};
/* End PBXNativeTarget section */

/* Begin PBXProject section */
		896A4CEA23D5B9C100B537B0 /* Project object */ = {
			isa = PBXProject;
			attributes = {
				LastSwiftUpdateCheck = 1130;
				LastUpgradeCheck = 1130;
				ORGANIZATIONNAME = Tashreque;
				TargetAttributes = {
					896A4CF123D5B9C100B537B0 = {
						CreatedOnToolsVersion = 11.3.1;
					};
				};
			};
			buildConfigurationList = 896A4CED23D5B9C100B537B0 /* Build configuration list for PBXProject "BluetoothTesting" */;
			compatibilityVersion = "Xcode 9.3";
			developmentRegion = en;
			hasScannedForEncodings = 0;
			knownRegions = (
				en,
				Base,
			);
			mainGroup = 896A4CE923D5B9C100B537B0;
			productRefGroup = 896A4CF323D5B9C100B537B0 /* Products */;
			projectDirPath = "";
			projectRoot = "";
			targets = (
				896A4CF123D5B9C100B537B0 /* BluetoothTesting */,
			);
		};
/* End PBXProject section */

/* Begin PBXResourcesBuildPhase section */
		896A4CF023D5B9C100B537B0 /* Resources */ = {
			isa = PBXResourcesBuildPhase;
			buildActionMask = 2147483647;
			files = (
				896A4D0223D5B9C500B537B0 /* LaunchScreen.storyboard in Resources */,
				896A4CFF23D5B9C500B537B0 /* Assets.xcassets in Resources */,
				896A4CFD23D5B9C100B537B0 /* Main.storyboard in Resources */,
			);
			runOnlyForDeploymentPostprocessing = 0;
		};
/* End PBXResourcesBuildPhase section */

/* Begin PBXSourcesBuildPhase section */
		896A4CEE23D5B9C100B537B0 /* Sources */ = {
			isa = PBXSourcesBuildPhase;
			buildActionMask = 2147483647;
			files = (
				896A4CFA23D5B9C100B537B0 /* ViewController.swift in Sources */,
				896A4CF623D5B9C100B537B0 /* AppDelegate.swift in Sources */,
				896A4CF823D5B9C100B537B0 /* SceneDelegate.swift in Sources */,
			);
			runOnlyForDeploymentPostprocessing = 0;
		};
/* End PBXSourcesBuildPhase section */

/* Begin PBXVariantGroup section */
		896A4CFB23D5B9C100B537B0 /* Main.storyboard */ = {
			isa = PBXVariantGroup;
			children = (
				896A4CFC23D5B9C100B537B0 /* Base */,
			);
			name = Main.storyboard;
			sourceTree = "<group>";
		};
		896A4D0023D5B9C500B537B0 /* LaunchScreen.storyboard */ = {
			isa = PBXVariantGroup;
			children = (
				896A4D0123D5B9C500B537B0 /* Base */,
			);
			name = LaunchScreen.storyboard;
			sourceTree = "<group>";
		};
/* End PBXVariantGroup section */

/* Begin XCBuildConfiguration section */
		896A4D0423D5B9C500B537B0 /* Debug */ = {
			isa = XCBuildConfiguration;
			buildSettings = {
				ALWAYS_SEARCH_USER_PATHS = NO;
				CLANG_ANALYZER_NONNULL = YES;
				CLANG_ANALYZER_NUMBER_OBJECT_CONVERSION = YES_AGGRESSIVE;
				CLANG_CXX_LANGUAGE_STANDARD = "gnu++14";
				CLANG_CXX_LIBRARY = "libc++";
				CLANG_ENABLE_MODULES = YES;
				CLANG_ENABLE_OBJC_ARC = YES;
				CLANG_ENABLE_OBJC_WEAK = YES;
				CLANG_WARN_BLOCK_CAPTURE_AUTORELEASING = YES;
				CLANG_WARN_BOOL_CONVERSION = YES;
				CLANG_WARN_COMMA = YES;
				CLANG_WARN_CONSTANT_CONVERSION = YES;
				CLANG_WARN_DEPRECATED_OBJC_IMPLEMENTATIONS = YES;
				CLANG_WARN_DIRECT_OBJC_ISA_USAGE = YES_ERROR;
				CLANG_WARN_DOCUMENTATION_COMMENTS = YES;
				CLANG_WARN_EMPTY_BODY = YES;
				CLANG_WARN_ENUM_CONVERSION = YES;
				CLANG_WARN_INFINITE_RECURSION = YES;
				CLANG_WARN_INT_CONVERSION = YES;
				CLANG_WARN_NON_LITERAL_NULL_CONVERSION = YES;
				CLANG_WARN_OBJC_IMPLICIT_RETAIN_SELF = YES;
				CLANG_WARN_OBJC_LITERAL_CONVERSION = YES;
				CLANG_WARN_OBJC_ROOT_CLASS = YES_ERROR;
				CLANG_WARN_RANGE_LOOP_ANALYSIS = YES;
				CLANG_WARN_STRICT_PROTOTYPES = YES;
				CLANG_WARN_SUSPICIOUS_MOVE = YES;
				CLANG_WARN_UNGUARDED_AVAILABILITY = YES_AGGRESSIVE;
				CLANG_WARN_UNREACHABLE_CODE = YES;
				CLANG_WARN__DUPLICATE_METHOD_MATCH = YES;
				COPY_PHASE_STRIP = NO;
				DEBUG_INFORMATION_FORMAT = dwarf;
				ENABLE_STRICT_OBJC_MSGSEND = YES;
				ENABLE_TESTABILITY = YES;
				GCC_C_LANGUAGE_STANDARD = gnu11;
				GCC_DYNAMIC_NO_PIC = NO;
				GCC_NO_COMMON_BLOCKS = YES;
				GCC_OPTIMIZATION_LEVEL = 0;
				GCC_PREPROCESSOR_DEFINITIONS = (
					"DEBUG=1",
					"$(inherited)",
				);
				GCC_WARN_64_TO_32_BIT_CONVERSION = YES;
				GCC_WARN_ABOUT_RETURN_TYPE = YES_ERROR;
				GCC_WARN_UNDECLARED_SELECTOR = YES;
				GCC_WARN_UNINITIALIZED_AUTOS = YES_AGGRESSIVE;
				GCC_WARN_UNUSED_FUNCTION = YES;
				GCC_WARN_UNUSED_VARIABLE = YES;
				IPHONEOS_DEPLOYMENT_TARGET = 13.2;
				MTL_ENABLE_DEBUG_INFO = INCLUDE_SOURCE;
				MTL_FAST_MATH = YES;
				ONLY_ACTIVE_ARCH = YES;
				SDKROOT = iphoneos;
				SWIFT_ACTIVE_COMPILATION_CONDITIONS = DEBUG;
				SWIFT_OPTIMIZATION_LEVEL = "-Onone";
			};
			name = Debug;
		};
		896A4D0523D5B9C500B537B0 /* Release */ = {
			isa = XCBuildConfiguration;
			buildSettings = {
				ALWAYS_SEARCH_USER_PATHS = NO;
				CLANG_ANALYZER_NONNULL = YES;
				CLANG_ANALYZER_NUMBER_OBJECT_CONVERSION = YES_AGGRESSIVE;
				CLANG_CXX_LANGUAGE_STANDARD = "gnu++14";
				CLANG_CXX_LIBRARY = "libc++";
				CLANG_ENABLE_MODULES = YES;
				CLANG_ENABLE_OBJC_ARC = YES;
				CLANG_ENABLE_OBJC_WEAK = YES;
				CLANG_WARN_BLOCK_CAPTURE_AUTORELEASING = YES;
				CLANG_WARN_BOOL_CONVERSION = YES;
				CLANG_WARN_COMMA = YES;
				CLANG_WARN_CONSTANT_CONVERSION = YES;
				CLANG_WARN_DEPRECATED_OBJC_IMPLEMENTATIONS = YES;
				CLANG_WARN_DIRECT_OBJC_ISA_USAGE = YES_ERROR;
				CLANG_WARN_DOCUMENTATION_COMMENTS = YES;
				CLANG_WARN_EMPTY_BODY = YES;
				CLANG_WARN_ENUM_CONVERSION = YES;
				CLANG_WARN_INFINITE_RECURSION = YES;
				CLANG_WARN_INT_CONVERSION = YES;
				CLANG_WARN_NON_LITERAL_NULL_CONVERSION = YES;
				CLANG_WARN_OBJC_IMPLICIT_RETAIN_SELF = YES;
				CLANG_WARN_OBJC_LITERAL_CONVERSION = YES;
				CLANG_WARN_OBJC_ROOT_CLASS = YES_ERROR;
				CLANG_WARN_RANGE_LOOP_ANALYSIS = YES;
				CLANG_WARN_STRICT_PROTOTYPES = YES;
				CLANG_WARN_SUSPICIOUS_MOVE = YES;
				CLANG_WARN_UNGUARDED_AVAILABILITY = YES_AGGRESSIVE;
				CLANG_WARN_UNREACHABLE_CODE = YES;
				CLANG_WARN__DUPLICATE_METHOD_MATCH = YES;
				COPY_PHASE_STRIP = NO;
				DEBUG_INFORMATION_FORMAT = "dwarf-with-dsym";
				ENABLE_NS_ASSERTIONS = NO;
				ENABLE_STRICT_OBJC_MSGSEND = YES;
				GCC_C_LANGUAGE_STANDARD = gnu11;
				GCC_NO_COMMON_BLOCKS = YES;
				GCC_WARN_64_TO_32_BIT_CONVERSION = YES;
				GCC_WARN_ABOUT_RETURN_TYPE = YES_ERROR;
				GCC_WARN_UNDECLARED_SELECTOR = YES;
				GCC_WARN_UNINITIALIZED_AUTOS = YES_AGGRESSIVE;
				GCC_WARN_UNUSED_FUNCTION = YES;
				GCC_WARN_UNUSED_VARIABLE = YES;
				IPHONEOS_DEPLOYMENT_TARGET = 13.2;
				MTL_ENABLE_DEBUG_INFO = NO;
				MTL_FAST_MATH = YES;
				SDKROOT = iphoneos;
				SWIFT_COMPILATION_MODE = wholemodule;
				SWIFT_OPTIMIZATION_LEVEL = "-O";
				VALIDATE_PRODUCT = YES;
			};
			name = Release;
		};
		896A4D0723D5B9C500B537B0 /* Debug */ = {
			isa = XCBuildConfiguration;
			buildSettings = {
				ASSETCATALOG_COMPILER_APPICON_NAME = AppIcon;
				CODE_SIGN_STYLE = Automatic;
				DEVELOPMENT_TEAM = DZF7Q8NQBJ;
				INFOPLIST_FILE = BluetoothTesting/Info.plist;
				LD_RUNPATH_SEARCH_PATHS = (
					"$(inherited)",
					"@executable_path/Frameworks",
				);
				PRODUCT_BUNDLE_IDENTIFIER = MyCompany.BluetoothTesting;
				PRODUCT_NAME = "$(TARGET_NAME)";
				SWIFT_VERSION = 5.0;
				TARGETED_DEVICE_FAMILY = "1,2";
			};
			name = Debug;
		};
		896A4D0823D5B9C500B537B0 /* Release */ = {
			isa = XCBuildConfiguration;
			buildSettings = {
				ASSETCATALOG_COMPILER_APPICON_NAME = AppIcon;
				CODE_SIGN_STYLE = Automatic;
				DEVELOPMENT_TEAM = DZF7Q8NQBJ;
				INFOPLIST_FILE = BluetoothTesting/Info.plist;
				LD_RUNPATH_SEARCH_PATHS = (
					"$(inherited)",
					"@executable_path/Frameworks",
				);
				PRODUCT_BUNDLE_IDENTIFIER = MyCompany.BluetoothTesting;
				PRODUCT_NAME = "$(TARGET_NAME)";
				SWIFT_VERSION = 5.0;
				TARGETED_DEVICE_FAMILY = "1,2";
			};
			name = Release;
		};
/* End XCBuildConfiguration section */

/* Begin XCConfigurationList section */
		896A4CED23D5B9C100B537B0 /* Build configuration list for PBXProject "BluetoothTesting" */ = {
			isa = XCConfigurationList;
			buildConfigurations = (
				896A4D0423D5B9C500B537B0 /* Debug */,
				896A4D0523D5B9C500B537B0 /* Release */,
			);
			defaultConfigurationIsVisible = 0;
			defaultConfigurationName = Release;
		};
		896A4D0623D5B9C500B537B0 /* Build configuration list for PBXNativeTarget "BluetoothTesting" */ = {
			isa = XCConfigurationList;
			buildConfigurations = (
				896A4D0723D5B9C500B537B0 /* Debug */,
				896A4D0823D5B9C500B537B0 /* Release */,
			);
			defaultConfigurationIsVisible = 0;
			defaultConfigurationName = Release;
		};
/* End XCConfigurationList section */
	};
	rootObject = 896A4CEA23D5B9C100B537B0 /* Project object */;
}
